{
  "name": "reddit-notifier",
  "version": "1.0.0",
  "lockfileVersion": 2,
  "requires": true,
  "packages": {
    "": {
      "name": "reddit-notifier",
      "version": "1.0.0",
      "license": "ISC",
      "dependencies": {
        "@sentry/node": "^6.15.0",
        "colorette": "^2.0.16",
        "dotenv": "^10.0.0",
        "dotenv-extended": "^2.9.0",
        "petitio": "^1.4.0"
      },
      "devDependencies": {
        "@sentry/types": "^6.15.0",
        "@types/bl": "^5.0.2",
        "@types/node": "^16.11.8",
        "typescript": "^4.5.2"
      }
    },
    "node_modules/@sentry/core": {
      "version": "6.15.0",
      "resolved": "https://registry.npmjs.org/@sentry/core/-/core-6.15.0.tgz",
      "integrity": "sha512-mCbKyqvD1G3Re6gv6N8tRkBz84gvVWDfLtC6d1WBArIopzter6ktEbvq0cMT6EOvGI2OLXuJ6mtHA93/Q0gGpw==",
      "dependencies": {
        "@sentry/hub": "6.15.0",
        "@sentry/minimal": "6.15.0",
        "@sentry/types": "6.15.0",
        "@sentry/utils": "6.15.0",
        "tslib": "^1.9.3"
      },
      "engines": {
        "node": ">=6"
      }
    },
    "node_modules/@sentry/hub": {
      "version": "6.15.0",
      "resolved": "https://registry.npmjs.org/@sentry/hub/-/hub-6.15.0.tgz",
      "integrity": "sha512-cUbHPeG6kKpGBaEMgbTWeU03Y1Up5T3urGF+cgtrn80PmPYYSUPvVvWlZQWPb8CJZ1yQ0gySWo5RUTatBFrEHA==",
      "dependencies": {
        "@sentry/types": "6.15.0",
        "@sentry/utils": "6.15.0",
        "tslib": "^1.9.3"
      },
      "engines": {
        "node": ">=6"
      }
    },
    "node_modules/@sentry/minimal": {
      "version": "6.15.0",
      "resolved": "https://registry.npmjs.org/@sentry/minimal/-/minimal-6.15.0.tgz",
      "integrity": "sha512-7RJIvZsjBa1qFUfMrAzQsWdfZT6Gm4t6ZTYfkpsXPBA35hkzglKbBrhhsUvkxGIhUGw/PiCUqxBUjcmzQP0vfg==",
      "dependencies": {
        "@sentry/hub": "6.15.0",
        "@sentry/types": "6.15.0",
        "tslib": "^1.9.3"
      },
      "engines": {
        "node": ">=6"
      }
    },
    "node_modules/@sentry/node": {
      "version": "6.15.0",
      "resolved": "https://registry.npmjs.org/@sentry/node/-/node-6.15.0.tgz",
      "integrity": "sha512-V1GeupWi9ClmoMy5eBWdVTv3k+Yx/JpddT4zCzzYY9QfjYtEvQI7R3SWFtlgXuaQQaZNU0WUoE2UgJV2N/vS8g==",
      "dependencies": {
        "@sentry/core": "6.15.0",
        "@sentry/hub": "6.15.0",
        "@sentry/tracing": "6.15.0",
        "@sentry/types": "6.15.0",
        "@sentry/utils": "6.15.0",
        "cookie": "^0.4.1",
        "https-proxy-agent": "^5.0.0",
        "lru_map": "^0.3.3",
        "tslib": "^1.9.3"
      },
      "engines": {
        "node": ">=6"
      }
    },
    "node_modules/@sentry/tracing": {
      "version": "6.15.0",
      "resolved": "https://registry.npmjs.org/@sentry/tracing/-/tracing-6.15.0.tgz",
      "integrity": "sha512-V5unvX8qNEfdawX+m2n0jKgmH/YR2ItWZLH+3UevBTptO+xyfvRtpgGXYWUCo3iGvFgWb1C+iIC7LViR9rTvBg==",
      "dependencies": {
        "@sentry/hub": "6.15.0",
        "@sentry/minimal": "6.15.0",
        "@sentry/types": "6.15.0",
        "@sentry/utils": "6.15.0",
        "tslib": "^1.9.3"
      },
      "engines": {
        "node": ">=6"
      }
    },
    "node_modules/@sentry/types": {
      "version": "6.15.0",
      "resolved": "https://registry.npmjs.org/@sentry/types/-/types-6.15.0.tgz",
      "integrity": "sha512-zBw5gPUsofXUSpS3ZAXqRNedLRBvirl3sqkj2Lez7X2EkKRgn5D8m9fQIrig/X3TsKcXUpijDW5Buk5zeCVzJA==",
      "engines": {
        "node": ">=6"
      }
    },
    "node_modules/@sentry/utils": {
      "version": "6.15.0",
      "resolved": "https://registry.npmjs.org/@sentry/utils/-/utils-6.15.0.tgz",
      "integrity": "sha512-gnhKKyFtnNmKWjDizo7VKD0/Vx8cgW1lCusM6WI7jy2jlO3bQA0+Dzgmr4mIReZ74mq4VpOd2Vfrx7ZldW1DMw==",
      "dependencies": {
        "@sentry/types": "6.15.0",
        "tslib": "^1.9.3"
      },
      "engines": {
        "node": ">=6"
      }
    },
    "node_modules/@types/bl": {
      "version": "5.0.2",
      "resolved": "https://registry.npmjs.org/@types/bl/-/bl-5.0.2.tgz",
      "integrity": "sha512-V4g3uJIfBHeDd/35QTPOujJ4+viJJVtNwC2LmBUZeXGSGL60R5iTsBEZ9Nh+wP3asMOA/LEFHxmKT6JzK+Vd0A==",
      "dev": true,
      "dependencies": {
        "@types/node": "*",
        "@types/readable-stream": "*"
      }
    },
    "node_modules/@types/node": {
      "version": "16.11.9",
      "resolved": "https://registry.npmjs.org/@types/node/-/node-16.11.9.tgz",
      "integrity": "sha512-MKmdASMf3LtPzwLyRrFjtFFZ48cMf8jmX5VRYrDQiJa8Ybu5VAmkqBWqKU8fdCwD8ysw4mQ9nrEHvzg6gunR7A==",
      "dev": true
    },
    "node_modules/@types/readable-stream": {
      "version": "2.3.12",
      "resolved": "https://registry.npmjs.org/@types/readable-stream/-/readable-stream-2.3.12.tgz",
      "integrity": "sha512-IVe0ietigIRWjRg0gv2sydr0rhyPzdXQsBMU/gda8fl82xQL+J9UWRBcD0asxoe4pb5wTOsPrOz0KYJZVCXZJQ==",
      "dev": true,
      "dependencies": {
        "@types/node": "*",
        "safe-buffer": "*"
      }
    },
    "node_modules/agent-base": {
      "version": "6.0.2",
      "resolved": "https://registry.npmjs.org/agent-base/-/agent-base-6.0.2.tgz",
      "integrity": "sha512-RZNwNclF7+MS/8bDg70amg32dyeZGZxiDuQmZxKLAlQjr3jGyLx+4Kkk58UO7D2QdgFIQCovuSuZESne6RG6XQ==",
      "dependencies": {
        "debug": "4"
      },
      "engines": {
        "node": ">= 6.0.0"
      }
    },
    "node_modules/auto-parse": {
      "version": "1.8.0",
      "resolved": "https://registry.npmjs.org/auto-parse/-/auto-parse-1.8.0.tgz",
      "integrity": "sha512-Uri4uC+K5cSi5hjM4snFrqPrjqUpwxeSW5EMTPvN7Ju3PlDzmXXDr5tjdzxPvvwgT3J7bmMDJ3Rm625nbrc72A==",
      "dependencies": {
        "typpy": "2.3.11"
      }
    },
    "node_modules/camelcase": {
      "version": "5.3.1",
      "resolved": "https://registry.npmjs.org/camelcase/-/camelcase-5.3.1.tgz",
      "integrity": "sha512-L28STB170nwWS63UjtlEOE3dldQApaJXZkOI1uMFfzf3rRuPegHaHesyee+YxQ+W6SvRDQV6UrdOdRiR153wJg==",
      "engines": {
        "node": ">=6"
      }
    },
    "node_modules/colorette": {
      "version": "2.0.16",
      "resolved": "https://registry.npmjs.org/colorette/-/colorette-2.0.16.tgz",
      "integrity": "sha512-hUewv7oMjCp+wkBv5Rm0v87eJhq4woh5rSR+42YSQJKecCqgIqNkZ6lAlQms/BwHPJA5NKMRlpxPRv0n8HQW6g=="
    },
    "node_modules/cookie": {
      "version": "0.4.1",
      "resolved": "https://registry.npmjs.org/cookie/-/cookie-0.4.1.tgz",
      "integrity": "sha512-ZwrFkGJxUR3EIoXtO+yVE69Eb7KlixbaeAWfBQB9vVsNn/o+Yw69gBWSSDK825hQNdN+wF8zELf3dFNl/kxkUA==",
      "engines": {
        "node": ">= 0.6"
      }
    },
    "node_modules/cross-spawn": {
      "version": "7.0.3",
      "resolved": "https://registry.npmjs.org/cross-spawn/-/cross-spawn-7.0.3.tgz",
      "integrity": "sha512-iRDPJKUPVEND7dHPO8rkbOnPpyDygcDFtWjpeWNCgy8WP2rXcxXL8TskReQl6OrB2G7+UJrags1q15Fudc7G6w==",
      "dependencies": {
        "path-key": "^3.1.0",
        "shebang-command": "^2.0.0",
        "which": "^2.0.1"
      },
      "engines": {
        "node": ">= 8"
      }
    },
    "node_modules/debug": {
      "version": "4.3.2",
      "resolved": "https://registry.npmjs.org/debug/-/debug-4.3.2.tgz",
      "integrity": "sha512-mOp8wKcvj7XxC78zLgw/ZA+6TSgkoE2C/ienthhRD298T7UNwAg9diBpLRxC0mOezLl4B0xV7M0cCO6P/O0Xhw==",
      "dependencies": {
        "ms": "2.1.2"
      },
      "engines": {
        "node": ">=6.0"
      },
      "peerDependenciesMeta": {
        "supports-color": {
          "optional": true
        }
      }
    },
    "node_modules/dotenv": {
      "version": "10.0.0",
      "resolved": "https://registry.npmjs.org/dotenv/-/dotenv-10.0.0.tgz",
      "integrity": "sha512-rlBi9d8jpv9Sf1klPjNfFAuWDjKLwTIJJ/VxtoTwIR6hnZxcEOQCZg2oIL3MWBYw5GpUDKOEnND7LXTbIpQ03Q==",
      "engines": {
        "node": ">=10"
      }
    },
    "node_modules/dotenv-extended": {
      "version": "2.9.0",
      "resolved": "https://registry.npmjs.org/dotenv-extended/-/dotenv-extended-2.9.0.tgz",
      "integrity": "sha512-MKc4WCqZj6Abx4rpDbQ9LsuBJldRLxLgFkY5qE+4JM7hXVYT/v8zyWGgnBeDjSOGzEecWOFPlosNpxfB9YnsCw==",
      "dependencies": {
        "auto-parse": "^1.3.0",
        "camelcase": "^5.3.1",
        "cross-spawn": "^7.0.1",
        "dotenv": "^8.2.0"
      },
      "bin": {
        "dotenv-extended": "lib/bin/index.js"
      },
      "engines": {
        "node": ">=6"
      }
    },
    "node_modules/dotenv-extended/node_modules/dotenv": {
      "version": "8.6.0",
      "resolved": "https://registry.npmjs.org/dotenv/-/dotenv-8.6.0.tgz",
      "integrity": "sha512-IrPdXQsk2BbzvCBGBOTmmSH5SodmqZNt4ERAZDmW4CT+tL8VtvinqywuANaFu4bOMWki16nqf0e4oC0QIaDr/g==",
      "engines": {
        "node": ">=10"
      }
    },
    "node_modules/function.name": {
      "version": "1.0.13",
      "resolved": "https://registry.npmjs.org/function.name/-/function.name-1.0.13.tgz",
      "integrity": "sha512-mVrqdoy5npWZyoXl4DxCeuVF6delDcQjVS9aPdvLYlBxtMTZDR2B5GVEQEoM1jJyspCqg3C0v4ABkLE7tp9xFA==",
      "dependencies": {
        "noop6": "^1.0.1"
      }
    },
    "node_modules/https-proxy-agent": {
      "version": "5.0.0",
      "resolved": "https://registry.npmjs.org/https-proxy-agent/-/https-proxy-agent-5.0.0.tgz",
      "integrity": "sha512-EkYm5BcKUGiduxzSt3Eppko+PiNWNEpa4ySk9vTC6wDsQJW9rHSa+UhGNJoRYp7bz6Ht1eaRIa6QaJqO5rCFbA==",
      "dependencies": {
        "agent-base": "6",
        "debug": "4"
      },
      "engines": {
        "node": ">= 6"
      }
    },
    "node_modules/isexe": {
      "version": "2.0.0",
      "resolved": "https://registry.npmjs.org/isexe/-/isexe-2.0.0.tgz",
      "integrity": "sha1-6PvzdNxVb/iUehDcsFctYz8s+hA="
    },
    "node_modules/lru_map": {
      "version": "0.3.3",
      "resolved": "https://registry.npmjs.org/lru_map/-/lru_map-0.3.3.tgz",
      "integrity": "sha1-tcg1G5Rky9dQM1p5ZQoOwOVhGN0="
    },
    "node_modules/ms": {
      "version": "2.1.2",
      "resolved": "https://registry.npmjs.org/ms/-/ms-2.1.2.tgz",
      "integrity": "sha512-sGkPx+VjMtmA6MX27oA4FBFELFCZZ4S4XqeGOXCv68tT+jb3vk/RyaKWP0PTKyWtmLSM0b+adUTEvbs1PEaH2w=="
    },
    "node_modules/noop6": {
      "version": "1.0.9",
      "resolved": "https://registry.npmjs.org/noop6/-/noop6-1.0.9.tgz",
      "integrity": "sha512-DB3Hwyd89dPr5HqEPg3YHjzvwh/mCqizC1zZ8vyofqc+TQRyPDnT4wgXXbLGF4z9YAzwwTLi8pNLhGqcbSjgkA=="
    },
    "node_modules/path-key": {
      "version": "3.1.1",
      "resolved": "https://registry.npmjs.org/path-key/-/path-key-3.1.1.tgz",
      "integrity": "sha512-ojmeN0qd+y0jszEtoY48r0Peq5dwMEkIlCOu6Q5f41lfkswXuKtYrhgoTpLnyIcHm24Uhqx+5Tqm2InSwLhE6Q==",
      "engines": {
        "node": ">=8"
      }
    },
    "node_modules/petitio": {
      "version": "1.4.0",
      "resolved": "https://registry.npmjs.org/petitio/-/petitio-1.4.0.tgz",
      "integrity": "sha512-9LaVd/5BLmbNU8Q4Ax8NezihiPt2ISNqi2vKilEchSSf+YSOXxfsLUb0SUmDskm1WkBOVTsqdyuyYI0RYKqr0Q==",
      "engines": {
        "node": ">=12.3.0"
      }
    },
    "node_modules/safe-buffer": {
      "version": "5.2.1",
      "resolved": "https://registry.npmjs.org/safe-buffer/-/safe-buffer-5.2.1.tgz",
      "integrity": "sha512-rp3So07KcdmmKbGvgaNxQSJr7bGVSVk5S9Eq1F+ppbRo70+YeaDxkw5Dd8NPN+GD6bjnYm2VuPuCXmpuYvmCXQ==",
      "dev": true,
      "funding": [
        {
          "type": "github",
          "url": "https://github.com/sponsors/feross"
        },
        {
          "type": "patreon",
          "url": "https://www.patreon.com/feross"
        },
        {
          "type": "consulting",
          "url": "https://feross.org/support"
        }
      ]
    },
    "node_modules/shebang-command": {
      "version": "2.0.0",
      "resolved": "https://registry.npmjs.org/shebang-command/-/shebang-command-2.0.0.tgz",
      "integrity": "sha512-kHxr2zZpYtdmrN1qDjrrX/Z1rR1kG8Dx+gkpK1G4eXmvXswmcE1hTWBWYUzlraYw1/yZp6YuDY77YtvbN0dmDA==",
      "dependencies": {
        "shebang-regex": "^3.0.0"
      },
      "engines": {
        "node": ">=8"
      }
    },
    "node_modules/shebang-regex": {
      "version": "3.0.0",
      "resolved": "https://registry.npmjs.org/shebang-regex/-/shebang-regex-3.0.0.tgz",
      "integrity": "sha512-7++dFhtcx3353uBaq8DDR4NuxBetBzC7ZQOhmTQInHEd6bSrXdiEyzCvG07Z44UYdLShWUyXt5M/yhz8ekcb1A==",
      "engines": {
        "node": ">=8"
      }
    },
    "node_modules/tslib": {
      "version": "1.14.1",
      "resolved": "https://registry.npmjs.org/tslib/-/tslib-1.14.1.tgz",
      "integrity": "sha512-Xni35NKzjgMrwevysHTCArtLDpPvye8zV/0E4EyYn43P7/7qvQwPh9BGkHewbMulVntbigmcT7rdX3BNo9wRJg=="
    },
    "node_modules/typescript": {
      "version": "4.5.2",
      "resolved": "https://registry.npmjs.org/typescript/-/typescript-4.5.2.tgz",
      "integrity": "sha512-5BlMof9H1yGt0P8/WF+wPNw6GfctgGjXp5hkblpyT+8rkASSmkUKMXrxR0Xg8ThVCi/JnHQiKXeBaEwCeQwMFw==",
      "dev": true,
      "bin": {
        "tsc": "bin/tsc",
        "tsserver": "bin/tsserver"
      },
      "engines": {
        "node": ">=4.2.0"
      }
    },
    "node_modules/typpy": {
      "version": "2.3.11",
      "resolved": "https://registry.npmjs.org/typpy/-/typpy-2.3.11.tgz",
      "integrity": "sha512-Jh/fykZSaxeKO0ceMAs6agki9T5TNA9kiIR6fzKbvafKpIw8UlNlHhzuqKyi5lfJJ5VojJOx9tooIbyy7vHV/g==",
      "dependencies": {
        "function.name": "^1.0.3"
      }
    },
    "node_modules/which": {
      "version": "2.0.2",
      "resolved": "https://registry.npmjs.org/which/-/which-2.0.2.tgz",
      "integrity": "sha512-BLI3Tl1TW3Pvl70l3yq3Y64i+awpwXqsGBYWkkqMtnbXgrMD+yj7rhW0kuEDxzJaYXGjEW5ogapKNMEKNMjibA==",
      "dependencies": {
        "isexe": "^2.0.0"
      },
      "bin": {
        "node-which": "bin/node-which"
      },
      "engines": {
        "node": ">= 8"
      }
    }
  },
  "dependencies": {
    "@sentry/core": {
      "version": "6.15.0",
      "resolved": "https://registry.npmjs.org/@sentry/core/-/core-6.15.0.tgz",
      "integrity": "sha512-mCbKyqvD1G3Re6gv6N8tRkBz84gvVWDfLtC6d1WBArIopzter6ktEbvq0cMT6EOvGI2OLXuJ6mtHA93/Q0gGpw==",
      "requires": {
        "@sentry/hub": "6.15.0",
        "@sentry/minimal": "6.15.0",
        "@sentry/types": "6.15.0",
        "@sentry/utils": "6.15.0",
        "tslib": "^1.9.3"
      }
    },
    "@sentry/hub": {
      "version": "6.15.0",
      "resolved": "https://registry.npmjs.org/@sentry/hub/-/hub-6.15.0.tgz",
      "integrity": "sha512-cUbHPeG6kKpGBaEMgbTWeU03Y1Up5T3urGF+cgtrn80PmPYYSUPvVvWlZQWPb8CJZ1yQ0gySWo5RUTatBFrEHA==",
      "requires": {
        "@sentry/types": "6.15.0",
        "@sentry/utils": "6.15.0",
        "tslib": "^1.9.3"
      }
    },
    "@sentry/minimal": {
      "version": "6.15.0",
      "resolved": "https://registry.npmjs.org/@sentry/minimal/-/minimal-6.15.0.tgz",
      "integrity": "sha512-7RJIvZsjBa1qFUfMrAzQsWdfZT6Gm4t6ZTYfkpsXPBA35hkzglKbBrhhsUvkxGIhUGw/PiCUqxBUjcmzQP0vfg==",
      "requires": {
        "@sentry/hub": "6.15.0",
        "@sentry/types": "6.15.0",
        "tslib": "^1.9.3"
      }
    },
    "@sentry/node": {
      "version": "6.15.0",
      "resolved": "https://registry.npmjs.org/@sentry/node/-/node-6.15.0.tgz",
      "integrity": "sha512-V1GeupWi9ClmoMy5eBWdVTv3k+Yx/JpddT4zCzzYY9QfjYtEvQI7R3SWFtlgXuaQQaZNU0WUoE2UgJV2N/vS8g==",
      "requires": {
        "@sentry/core": "6.15.0",
        "@sentry/hub": "6.15.0",
        "@sentry/tracing": "6.15.0",
        "@sentry/types": "6.15.0",
        "@sentry/utils": "6.15.0",
        "cookie": "^0.4.1",
        "https-proxy-agent": "^5.0.0",
        "lru_map": "^0.3.3",
        "tslib": "^1.9.3"
      }
    },
    "@sentry/tracing": {
      "version": "6.15.0",
      "resolved": "https://registry.npmjs.org/@sentry/tracing/-/tracing-6.15.0.tgz",
      "integrity": "sha512-V5unvX8qNEfdawX+m2n0jKgmH/YR2ItWZLH+3UevBTptO+xyfvRtpgGXYWUCo3iGvFgWb1C+iIC7LViR9rTvBg==",
      "requires": {
        "@sentry/hub": "6.15.0",
        "@sentry/minimal": "6.15.0",
        "@sentry/types": "6.15.0",
        "@sentry/utils": "6.15.0",
        "tslib": "^1.9.3"
      }
    },
    "@sentry/types": {
      "version": "6.15.0",
      "resolved": "https://registry.npmjs.org/@sentry/types/-/types-6.15.0.tgz",
      "integrity": "sha512-zBw5gPUsofXUSpS3ZAXqRNedLRBvirl3sqkj2Lez7X2EkKRgn5D8m9fQIrig/X3TsKcXUpijDW5Buk5zeCVzJA=="
    },
    "@sentry/utils": {
      "version": "6.15.0",
      "resolved": "https://registry.npmjs.org/@sentry/utils/-/utils-6.15.0.tgz",
      "integrity": "sha512-gnhKKyFtnNmKWjDizo7VKD0/Vx8cgW1lCusM6WI7jy2jlO3bQA0+Dzgmr4mIReZ74mq4VpOd2Vfrx7ZldW1DMw==",
      "requires": {
        "@sentry/types": "6.15.0",
        "tslib": "^1.9.3"
      }
    },
    "@types/bl": {
      "version": "5.0.2",
      "resolved": "https://registry.npmjs.org/@types/bl/-/bl-5.0.2.tgz",
      "integrity": "sha512-V4g3uJIfBHeDd/35QTPOujJ4+viJJVtNwC2LmBUZeXGSGL60R5iTsBEZ9Nh+wP3asMOA/LEFHxmKT6JzK+Vd0A==",
      "dev": true,
      "requires": {
        "@types/node": "*",
        "@types/readable-stream": "*"
      }
    },
    "@types/node": {
      "version": "16.11.9",
      "resolved": "https://registry.npmjs.org/@types/node/-/node-16.11.9.tgz",
      "integrity": "sha512-MKmdASMf3LtPzwLyRrFjtFFZ48cMf8jmX5VRYrDQiJa8Ybu5VAmkqBWqKU8fdCwD8ysw4mQ9nrEHvzg6gunR7A==",
      "dev": true
    },
    "@types/readable-stream": {
      "version": "2.3.12",
      "resolved": "https://registry.npmjs.org/@types/readable-stream/-/readable-stream-2.3.12.tgz",
      "integrity": "sha512-IVe0ietigIRWjRg0gv2sydr0rhyPzdXQsBMU/gda8fl82xQL+J9UWRBcD0asxoe4pb5wTOsPrOz0KYJZVCXZJQ==",
      "dev": true,
      "requires": {
        "@types/node": "*",
        "safe-buffer": "*"
      }
    },
    "agent-base": {
      "version": "6.0.2",
      "resolved": "https://registry.npmjs.org/agent-base/-/agent-base-6.0.2.tgz",
      "integrity": "sha512-RZNwNclF7+MS/8bDg70amg32dyeZGZxiDuQmZxKLAlQjr3jGyLx+4Kkk58UO7D2QdgFIQCovuSuZESne6RG6XQ==",
      "requires": {
        "debug": "4"
      }
    },
    "auto-parse": {
      "version": "1.8.0",
      "resolved": "https://registry.npmjs.org/auto-parse/-/auto-parse-1.8.0.tgz",
      "integrity": "sha512-Uri4uC+K5cSi5hjM4snFrqPrjqUpwxeSW5EMTPvN7Ju3PlDzmXXDr5tjdzxPvvwgT3J7bmMDJ3Rm625nbrc72A==",
      "requires": {
        "typpy": "2.3.11"
      }
    },
    "camelcase": {
      "version": "5.3.1",
      "resolved": "https://registry.npmjs.org/camelcase/-/camelcase-5.3.1.tgz",
      "integrity": "sha512-L28STB170nwWS63UjtlEOE3dldQApaJXZkOI1uMFfzf3rRuPegHaHesyee+YxQ+W6SvRDQV6UrdOdRiR153wJg=="
    },
    "colorette": {
      "version": "2.0.16",
      "resolved": "https://registry.npmjs.org/colorette/-/colorette-2.0.16.tgz",
      "integrity": "sha512-hUewv7oMjCp+wkBv5Rm0v87eJhq4woh5rSR+42YSQJKecCqgIqNkZ6lAlQms/BwHPJA5NKMRlpxPRv0n8HQW6g=="
    },
    "cookie": {
      "version": "0.4.1",
      "resolved": "https://registry.npmjs.org/cookie/-/cookie-0.4.1.tgz",
      "integrity": "sha512-ZwrFkGJxUR3EIoXtO+yVE69Eb7KlixbaeAWfBQB9vVsNn/o+Yw69gBWSSDK825hQNdN+wF8zELf3dFNl/kxkUA=="
    },
    "cross-spawn": {
      "version": "7.0.3",
      "resolved": "https://registry.npmjs.org/cross-spawn/-/cross-spawn-7.0.3.tgz",
      "integrity": "sha512-iRDPJKUPVEND7dHPO8rkbOnPpyDygcDFtWjpeWNCgy8WP2rXcxXL8TskReQl6OrB2G7+UJrags1q15Fudc7G6w==",
      "requires": {
        "path-key": "^3.1.0",
        "shebang-command": "^2.0.0",
        "which": "^2.0.1"
      }
    },
    "debug": {
      "version": "4.3.2",
      "resolved": "https://registry.npmjs.org/debug/-/debug-4.3.2.tgz",
      "integrity": "sha512-mOp8wKcvj7XxC78zLgw/ZA+6TSgkoE2C/ienthhRD298T7UNwAg9diBpLRxC0mOezLl4B0xV7M0cCO6P/O0Xhw==",
      "requires": {
        "ms": "2.1.2"
      }
    },
    "dotenv": {
      "version": "10.0.0",
      "resolved": "https://registry.npmjs.org/dotenv/-/dotenv-10.0.0.tgz",
      "integrity": "sha512-rlBi9d8jpv9Sf1klPjNfFAuWDjKLwTIJJ/VxtoTwIR6hnZxcEOQCZg2oIL3MWBYw5GpUDKOEnND7LXTbIpQ03Q=="
    },
    "dotenv-extended": {
      "version": "2.9.0",
      "resolved": "https://registry.npmjs.org/dotenv-extended/-/dotenv-extended-2.9.0.tgz",
      "integrity": "sha512-MKc4WCqZj6Abx4rpDbQ9LsuBJldRLxLgFkY5qE+4JM7hXVYT/v8zyWGgnBeDjSOGzEecWOFPlosNpxfB9YnsCw==",
      "requires": {
        "auto-parse": "^1.3.0",
        "camelcase": "^5.3.1",
        "cross-spawn": "^7.0.1",
        "dotenv": "^8.2.0"
      },
      "dependencies": {
        "dotenv": {
          "version": "8.6.0",
          "resolved": "https://registry.npmjs.org/dotenv/-/dotenv-8.6.0.tgz",
          "integrity": "sha512-IrPdXQsk2BbzvCBGBOTmmSH5SodmqZNt4ERAZDmW4CT+tL8VtvinqywuANaFu4bOMWki16nqf0e4oC0QIaDr/g=="
        }
      }
    },
    "function.name": {
      "version": "1.0.13",
      "resolved": "https://registry.npmjs.org/function.name/-/function.name-1.0.13.tgz",
      "integrity": "sha512-mVrqdoy5npWZyoXl4DxCeuVF6delDcQjVS9aPdvLYlBxtMTZDR2B5GVEQEoM1jJyspCqg3C0v4ABkLE7tp9xFA==",
      "requires": {
        "noop6": "^1.0.1"
      }
    },
    "https-proxy-agent": {
      "version": "5.0.0",
      "resolved": "https://registry.npmjs.org/https-proxy-agent/-/https-proxy-agent-5.0.0.tgz",
      "integrity": "sha512-EkYm5BcKUGiduxzSt3Eppko+PiNWNEpa4ySk9vTC6wDsQJW9rHSa+UhGNJoRYp7bz6Ht1eaRIa6QaJqO5rCFbA==",
      "requires": {
        "agent-base": "6",
        "debug": "4"
      }
    },
    "isexe": {
      "version": "2.0.0",
      "resolved": "https://registry.npmjs.org/isexe/-/isexe-2.0.0.tgz",
      "integrity": "sha1-6PvzdNxVb/iUehDcsFctYz8s+hA="
    },
    "lru_map": {
      "version": "0.3.3",
      "resolved": "https://registry.npmjs.org/lru_map/-/lru_map-0.3.3.tgz",
      "integrity": "sha1-tcg1G5Rky9dQM1p5ZQoOwOVhGN0="
    },
    "ms": {
      "version": "2.1.2",
      "resolved": "https://registry.npmjs.org/ms/-/ms-2.1.2.tgz",
      "integrity": "sha512-sGkPx+VjMtmA6MX27oA4FBFELFCZZ4S4XqeGOXCv68tT+jb3vk/RyaKWP0PTKyWtmLSM0b+adUTEvbs1PEaH2w=="
    },
    "noop6": {
      "version": "1.0.9",
      "resolved": "https://registry.npmjs.org/noop6/-/noop6-1.0.9.tgz",
      "integrity": "sha512-DB3Hwyd89dPr5HqEPg3YHjzvwh/mCqizC1zZ8vyofqc+TQRyPDnT4wgXXbLGF4z9YAzwwTLi8pNLhGqcbSjgkA=="
    },
    "path-key": {
      "version": "3.1.1",
      "resolved": "https://registry.npmjs.org/path-key/-/path-key-3.1.1.tgz",
      "integrity": "sha512-ojmeN0qd+y0jszEtoY48r0Peq5dwMEkIlCOu6Q5f41lfkswXuKtYrhgoTpLnyIcHm24Uhqx+5Tqm2InSwLhE6Q=="
    },
    "petitio": {
      "version": "1.4.0",
      "resolved": "https://registry.npmjs.org/petitio/-/petitio-1.4.0.tgz",
      "integrity": "sha512-9LaVd/5BLmbNU8Q4Ax8NezihiPt2ISNqi2vKilEchSSf+YSOXxfsLUb0SUmDskm1WkBOVTsqdyuyYI0RYKqr0Q=="
    },
    "safe-buffer": {
      "version": "5.2.1",
      "resolved": "https://registry.npmjs.org/safe-buffer/-/safe-buffer-5.2.1.tgz",
      "integrity": "sha512-rp3So07KcdmmKbGvgaNxQSJr7bGVSVk5S9Eq1F+ppbRo70+YeaDxkw5Dd8NPN+GD6bjnYm2VuPuCXmpuYvmCXQ==",
      "dev": true
    },
    "shebang-command": {
      "version": "2.0.0",
      "resolved": "https://registry.npmjs.org/shebang-command/-/shebang-command-2.0.0.tgz",
      "integrity": "sha512-kHxr2zZpYtdmrN1qDjrrX/Z1rR1kG8Dx+gkpK1G4eXmvXswmcE1hTWBWYUzlraYw1/yZp6YuDY77YtvbN0dmDA==",
      "requires": {
        "shebang-regex": "^3.0.0"
      }
    },
    "shebang-regex": {
      "version": "3.0.0",
      "resolved": "https://registry.npmjs.org/shebang-regex/-/shebang-regex-3.0.0.tgz",
      "integrity": "sha512-7++dFhtcx3353uBaq8DDR4NuxBetBzC7ZQOhmTQInHEd6bSrXdiEyzCvG07Z44UYdLShWUyXt5M/yhz8ekcb1A=="
    },
    "tslib": {
      "version": "1.14.1",
      "resolved": "https://registry.npmjs.org/tslib/-/tslib-1.14.1.tgz",
      "integrity": "sha512-Xni35NKzjgMrwevysHTCArtLDpPvye8zV/0E4EyYn43P7/7qvQwPh9BGkHewbMulVntbigmcT7rdX3BNo9wRJg=="
    },
    "typescript": {
      "version": "4.5.2",
      "resolved": "https://registry.npmjs.org/typescript/-/typescript-4.5.2.tgz",
      "integrity": "sha512-5BlMof9H1yGt0P8/WF+wPNw6GfctgGjXp5hkblpyT+8rkASSmkUKMXrxR0Xg8ThVCi/JnHQiKXeBaEwCeQwMFw==",
      "dev": true
    },
    "typpy": {
      "version": "2.3.11",
      "resolved": "https://registry.npmjs.org/typpy/-/typpy-2.3.11.tgz",
      "integrity": "sha512-Jh/fykZSaxeKO0ceMAs6agki9T5TNA9kiIR6fzKbvafKpIw8UlNlHhzuqKyi5lfJJ5VojJOx9tooIbyy7vHV/g==",
      "requires": {
        "function.name": "^1.0.3"
      }
    },
    "which": {
      "version": "2.0.2",
      "resolved": "https://registry.npmjs.org/which/-/which-2.0.2.tgz",
      "integrity": "sha512-BLI3Tl1TW3Pvl70l3yq3Y64i+awpwXqsGBYWkkqMtnbXgrMD+yj7rhW0kuEDxzJaYXGjEW5ogapKNMEKNMjibA==",
      "requires": {
        "isexe": "^2.0.0"
      }
    }
  }
}
